# THIS IS AN AUTOGENERATED FILE. DO NOT EDIT THIS FILE DIRECTLY.
# yarn lockfile v1


"@citizenfx/client@^2.0.5369-1":
  version "2.0.5369-1"
  resolved "https://registry.yarnpkg.com/@citizenfx/client/-/client-2.0.5369-1.tgz#cb735e1232c587e1a7f1c93de8465da431c0d491"
  integrity sha512-HbrScDpNhpGJ1FW1AgHW7rLJBxc/xpSuG6vqdFajjjzme096Uo2bdrE3V2RXQE4mFd41akgKpjJtnHHHX/zb5g==

"@citizenfx/server@^2.0.5369-1":
  version "2.0.5369-1"
  resolved "https://registry.yarnpkg.com/@citizenfx/server/-/server-2.0.5369-1.tgz#5b812ad8eace1188ff56194a680942b026f8fe55"
  integrity sha512-yAeTDjGHVIFPrAr+gJJAPfm5jY2zujLRjG/XuQkC6P1NafczHp03yzJY3Gr5q41AF83ANC72FEN5BSSgKkP3zg==
